GEM
  remote: https://rubygems.org/
  specs:
    drb (2.2.3)
    logger (1.7.0)
    minitest (6.0.6)
      drb (~> 2.0)
      prism (~> 1.5)
    prism (1.9.0)
    rake (13.4.2)
    rbs (4.2.0)
      logger
      prism (>= 1.6.0)
      tsort
    sqlite3 (2.9.6-aarch64-linux-gnu)
    sqlite3 (2.9.6-aarch64-linux-musl)
    sqlite3 (2.9.6-arm-linux-gnu)
    sqlite3 (2.9.6-arm-linux-musl)
    sqlite3 (2.9.6-arm64-darwin)
    sqlite3 (2.9.6-x86-linux-gnu)
    sqlite3 (2.9.6-x86-linux-musl)
    sqlite3 (2.9.6-x86_64-darwin)
    sqlite3 (2.9.6-x86_64-linux-gnu)
    sqlite3 (2.9.6-x86_64-linux-musl)
    tsort (0.2.0)
    typeprof (0.33.2)
      prism (>= 1.4.0)
      rbs (>= 3.6.0)

PLATFORMS
  aarch64-linux-gnu
  aarch64-linux-musl
  arm-linux-gnu
  arm-linux-musl
  arm64-darwin
  x86-linux-gnu
  x86-linux-musl
  x86_64-darwin
  x86_64-linux-gnu
  x86_64-linux-musl

DEPENDENCIES
  minitest
  prism
  rake
  rbs
  sqlite3
  typeprof (= 0.33.2)

CHECKSUMS
  bundler (4.0.20) sha256=7978a8ac648767f5e635bc522445b79e80a52b907a39a36c2d8085ed6bc762ae
  drb (2.2.3) sha256=0b00d6fdb50995fe4a45dea13663493c841112e4068656854646f418fda13373
  logger (1.7.0) sha256=196edec7cc44b66cfb40f9755ce11b392f21f7967696af15d274dde7edff0203
  minitest (6.0.6) sha256=153ea36d1d987a62942382b61075745042a2b3123b1cd48f4c3675af9cc7d6f1
  prism (1.9.0) sha256=7b530c6a9f92c24300014919c9dcbc055bf4cdf51ec30aed099b06cd6674ef85
  rake (13.4.2) sha256=cb825b2bd5f1f8e91ca37bddb4b9aaf345551b4731da62949be002fa89283701
  rbs (4.2.0) sha256=51f7b886dcc05bc09e10b901daa6a81829f6adc03101d6ca9ea4aac6103e0674
  sqlite3 (2.9.6-aarch64-linux-gnu) sha256=d8b1f7d23efd7abac285775a9566562fc7debfef79d594e3a20354406fb7907c
  sqlite3 (2.9.6-aarch64-linux-musl) sha256=3579e1c98cdc7ff5c3722847bb63ed4e1efb7ff675cb5e1e48ef2d4da5fb3bc9
  sqlite3 (2.9.6-arm-linux-gnu) sha256=33541500e3615da02afe54a9cc38b17a6985d3cf9d8b76d6d0a83002f114e7ec
  sqlite3 (2.9.6-arm-linux-musl) sha256=c5490af48bb228fefa54314e9541375c3907e70f8109f3881b5ff97e1c93ae33
  sqlite3 (2.9.6-arm64-darwin) sha256=849b5d7f795e60fe25076d62c72dd722beb45b3850b516ad978d60ee848ec15b
  sqlite3 (2.9.6-x86-linux-gnu) sha256=fbaa9f46f9708f57dd8a459b37fc269f9613e0cacf1547df01aa439cc45c20c0
  sqlite3 (2.9.6-x86-linux-musl) sha256=6715026fbb5530e810b28ef43b9c4f84cd3c991f67b9d808a31fcc32b847abbd
  sqlite3 (2.9.6-x86_64-darwin) sha256=b5842fea77781c14da03fa7bc0feb82db03a69e135affcb6f5399cbd2797a5f3
  sqlite3 (2.9.6-x86_64-linux-gnu) sha256=613188ce02f614126ddbc38c5e217ccffd6306d0dcd9adca9764547aa890a634
  sqlite3 (2.9.6-x86_64-linux-musl) sha256=d493b11818a3573387a1d56e1ee8fa00da23a683a7a1cc063e7a0feeed843abf
  tsort (0.2.0) sha256=9650a793f6859a43b6641671278f79cfead60ac714148aabe4e3f0060480089f
  typeprof (0.33.2) sha256=aa777c684d578ed27dc3e5d4bc4104c9eb5a76eedf7f5dd3366d571eaa6ca7c3

BUNDLED WITH
  4.0.20
